
Microsoft Visual Studio Solution File, Format Version 12.00
# Visual Studio Version 17
VisualStudioVersion = 17.9.34616.47
MinimumVisualStudioVersion = 10.0.40219.1
Project("{8BC9CEB8-8B4A-11D0-8D11-00A0C91BC942}") = "StreamReaderandWriter_0138", "StreamReaderandWriter_0138\StreamReaderandWriter_0138.vcxproj", "{16697AAC-E4E0-430F-B55F-B6A0414A3278}"
EndProject
Global
	GlobalSection(SolutionConfigurationPlatforms) = preSolution
		Debug|x64 = Debug|x64
		Debug|x86 = Debug|x86
		Release|x64 = Release|x64
		Release|x86 = Release|x86
	EndGlobalSection
	GlobalSection(ProjectConfigurationPlatforms) = postSolution
		{16697AAC-E4E0-430F-B55F-B6A0414A3278}.Debug|x64.ActiveCfg = Debug|x64
		{16697AAC-E4E0-430F-B55F-B6A0414A3278}.Debug|x64.Build.0 = Debug|x64
		{16697AAC-E4E0-430F-B55F-B6A0414A3278}.Debug|x86.ActiveCfg = Debug|Win32
		{16697AAC-E4E0-430F-B55F-B6A0414A3278}.Debug|x86.Build.0 = Debug|Win32
		{16697AAC-E4E0-430F-B55F-B6A0414A3278}.Release|x64.ActiveCfg = Release|x64
		{16697AAC-E4E0-430F-B55F-B6A0414A3278}.Release|x64.Build.0 = Release|x64
		{16697AAC-E4E0-430F-B55F-B6A0414A3278}.Release|x86.ActiveCfg = Release|Win32
		{16697AAC-E4E0-430F-B55F-B6A0414A3278}.Release|x86.Build.0 = Release|Win32
	EndGlobalSection
	GlobalSection(SolutionProperties) = preSolution
		HideSolutionNode = FALSE
	EndGlobalSection
	GlobalSection(ExtensibilityGlobals) = postSolution
		SolutionGuid = {704396F3-DACA-43BC-AB54-381C932A951F}
	EndGlobalSection
EndGlobal
